
Microsoft Visual Studio Solution File, Format Version 12.00
# Visual Studio Version 16
VisualStudioVersion = 16.0.30114.105
MinimumVisualStudioVersion = 10.0.40219.1
Project("{2150E333-8FDC-42A3-9474-1A3956D46DE8}") = "src", "src", "{4B1B55C2-6130-4EEA-A245-3045503440A4}"
EndProject
Project("{2150E333-8FDC-42A3-9474-1A3956D46DE8}") = "services", "services", "{396F62CF-5FAF-4999-9062-B1DF17CE525D}"
EndProject
Project("{2150E333-8FDC-42A3-9474-1A3956D46DE8}") = "identity", "identity", "{7E7F6642-EAF4-4919-B090-1AF4A5342501}"
EndProject
Project("{FAE04EC0-301F-11D3-BF4B-00C04F79EFBC}") = "Demo.AzKeyVault.Identity.API", "src\services\identity\Demo.AzKeyVault.Identity.API\Demo.AzKeyVault.Identity.API.csproj", "{5DF04D90-9C47-4C90-A4FC-62F6F21C2FBC}"
EndProject
Global
	GlobalSection(SolutionConfigurationPlatforms) = preSolution
		Debug|Any CPU = Debug|Any CPU
		Release|Any CPU = Release|Any CPU
	EndGlobalSection
	GlobalSection(SolutionProperties) = preSolution
		HideSolutionNode = FALSE
	EndGlobalSection
	GlobalSection(ProjectConfigurationPlatforms) = postSolution
		{5DF04D90-9C47-4C90-A4FC-62F6F21C2FBC}.Debug|Any CPU.ActiveCfg = Debug|Any CPU
		{5DF04D90-9C47-4C90-A4FC-62F6F21C2FBC}.Debug|Any CPU.Build.0 = Debug|Any CPU
		{5DF04D90-9C47-4C90-A4FC-62F6F21C2FBC}.Release|Any CPU.ActiveCfg = Release|Any CPU
		{5DF04D90-9C47-4C90-A4FC-62F6F21C2FBC}.Release|Any CPU.Build.0 = Release|Any CPU
	EndGlobalSection
	GlobalSection(NestedProjects) = preSolution
		{396F62CF-5FAF-4999-9062-B1DF17CE525D} = {4B1B55C2-6130-4EEA-A245-3045503440A4}
		{7E7F6642-EAF4-4919-B090-1AF4A5342501} = {396F62CF-5FAF-4999-9062-B1DF17CE525D}
		{5DF04D90-9C47-4C90-A4FC-62F6F21C2FBC} = {7E7F6642-EAF4-4919-B090-1AF4A5342501}
	EndGlobalSection
EndGlobal
